
Microsoft Visual Studio Solution File, Format Version 12.00
# Visual Studio Version 16
VisualStudioVersion = 16.0.30804.86
MinimumVisualStudioVersion = 10.0.40219.1
Project("{FAE04EC0-301F-11D3-BF4B-00C04F79EFBC}") = "SQL_shit", "SQL_shit\SQL_shit.csproj", "{4B120A20-4232-4278-93B1-634EC44C3FD2}"
EndProject
Global
	GlobalSection(SolutionConfigurationPlatforms) = preSolution
		Debug|Any CPU = Debug|Any CPU
		Release|Any CPU = Release|Any CPU
	EndGlobalSection
	GlobalSection(ProjectConfigurationPlatforms) = postSolution
		{4B120A20-4232-4278-93B1-634EC44C3FD2}.Debug|Any CPU.ActiveCfg = Debug|Any CPU
		{4B120A20-4232-4278-93B1-634EC44C3FD2}.Debug|Any CPU.Build.0 = Debug|Any CPU
		{4B120A20-4232-4278-93B1-634EC44C3FD2}.Release|Any CPU.ActiveCfg = Release|Any CPU
		{4B120A20-4232-4278-93B1-634EC44C3FD2}.Release|Any CPU.Build.0 = Release|Any CPU
	EndGlobalSection
	GlobalSection(SolutionProperties) = preSolution
		HideSolutionNode = FALSE
	EndGlobalSection
	GlobalSection(ExtensibilityGlobals) = postSolution
		SolutionGuid = {08D65395-CA69-4BC0-BFA8-708EB629DEB7}
	EndGlobalSection
EndGlobal
